%{"decimal": {:hex, :decimal, "1.1.0"},
  "earmark": {:hex, :earmark, "0.1.17"},
  "ecto": {:hex, :ecto, "0.12.0-rc"},
  "ex_doc": {:hex, :ex_doc, "0.7.3"},
  "inch_ex": {:hex, :inch_ex, "0.3.2"},
  "phoenix": {:hex, :phoenix, "0.13.1"},
  "phoenix_ecto": {:hex, :phoenix_ecto, "0.4.0"},
  "phoenix_html": {:hex, :phoenix_html, "1.2.1"},
  "plug": {:hex, :plug, "0.13.0"},
  "poison": {:hex, :poison, "1.4.0"},
  "poolboy": {:hex, :poolboy, "1.5.1"}}
